
Microsoft Visual Studio Solution File, Format Version 12.00
# Visual Studio Version 16
VisualStudioVersion = 16.0.29926.136
MinimumVisualStudioVersion = 10.0.40219.1
Project("{FAE04EC0-301F-11D3-BF4B-00C04F79EFBC}") = "AsyncDemo", "AsyncDemo\AsyncDemo.csproj", "{76CCBC9D-37D6-4180-8C16-11308529ACBD}"
EndProject
Project("{FAE04EC0-301F-11D3-BF4B-00C04F79EFBC}") = "BicolorLottery", "BicolorLottery\BicolorLottery.csproj", "{2CD26710-3F78-4DE8-A426-FEC9C7656A26}"
EndProject
Global
	GlobalSection(SolutionConfigurationPlatforms) = preSolution
		Debug|Any CPU = Debug|Any CPU
		Release|Any CPU = Release|Any CPU
	EndGlobalSection
	GlobalSection(ProjectConfigurationPlatforms) = postSolution
		{76CCBC9D-37D6-4180-8C16-11308529ACBD}.Debug|Any CPU.ActiveCfg = Debug|Any CPU
		{76CCBC9D-37D6-4180-8C16-11308529ACBD}.Debug|Any CPU.Build.0 = Debug|Any CPU
		{76CCBC9D-37D6-4180-8C16-11308529ACBD}.Release|Any CPU.ActiveCfg = Release|Any CPU
		{76CCBC9D-37D6-4180-8C16-11308529ACBD}.Release|Any CPU.Build.0 = Release|Any CPU
		{2CD26710-3F78-4DE8-A426-FEC9C7656A26}.Debug|Any CPU.ActiveCfg = Debug|Any CPU
		{2CD26710-3F78-4DE8-A426-FEC9C7656A26}.Debug|Any CPU.Build.0 = Debug|Any CPU
		{2CD26710-3F78-4DE8-A426-FEC9C7656A26}.Release|Any CPU.ActiveCfg = Release|Any CPU
		{2CD26710-3F78-4DE8-A426-FEC9C7656A26}.Release|Any CPU.Build.0 = Release|Any CPU
	EndGlobalSection
	GlobalSection(SolutionProperties) = preSolution
		HideSolutionNode = FALSE
	EndGlobalSection
	GlobalSection(ExtensibilityGlobals) = postSolution
		SolutionGuid = {3AD7B712-902C-4FC6-9E60-848A7DC0727B}
	EndGlobalSection
EndGlobal
